// !$*UTF8*$!
{
	archiveVersion = 1;
	classes = {
	};
	objectVersion = 50;
	objects = {

/* Begin PBXBuildFile section */
		67421F5E8D7162D63B85AE62 /* Pods_FitGramUITests.framework in Frameworks */ = {isa = PBXBuildFile; fileRef = 940399A09079A09547646AE6 /* Pods_FitGramUITests.framework */; };
		6A75F169227F8BC3005CABED /* GoogleService-Info.plist in Resources */ = {isa = PBXBuildFile; fileRef = 6A75F168227F8BC3005CABED /* GoogleService-Info.plist */; };
		6A861C682248425000D7B261 /* ProfileViewController.swift in Sources */ = {isa = PBXBuildFile; fileRef = 6A861C672248425000D7B261 /* ProfileViewController.swift */; };
		6A861C6A2248426100D7B261 /* ExerciseNewsFeedViewController.swift in Sources */ = {isa = PBXBuildFile; fileRef = 6A861C692248426100D7B261 /* ExerciseNewsFeedViewController.swift */; };
		6A861C6C2248426B00D7B261 /* ChallengeViewController.swift in Sources */ = {isa = PBXBuildFile; fileRef = 6A861C6B2248426B00D7B261 /* ChallengeViewController.swift */; };
		6A94450E22480D3000980F88 /* AppDelegate.swift in Sources */ = {isa = PBXBuildFile; fileRef = 6A94450D22480D3000980F88 /* AppDelegate.swift */; };
		6A94451022480D3000980F88 /* ViewController.swift in Sources */ = {isa = PBXBuildFile; fileRef = 6A94450F22480D3000980F88 /* ViewController.swift */; };
		6A94451522480D3300980F88 /* Assets.xcassets in Resources */ = {isa = PBXBuildFile; fileRef = 6A94451422480D3300980F88 /* Assets.xcassets */; };
		6A94451822480D3300980F88 /* LaunchScreen.storyboard in Resources */ = {isa = PBXBuildFile; fileRef = 6A94451622480D3300980F88 /* LaunchScreen.storyboard */; };
		6A94452322480D3300980F88 /* FitGramTests.swift in Sources */ = {isa = PBXBuildFile; fileRef = 6A94452222480D3300980F88 /* FitGramTests.swift */; };
		6A94452E22480D3300980F88 /* FitGramUITests.swift in Sources */ = {isa = PBXBuildFile; fileRef = 6A94452D22480D3300980F88 /* FitGramUITests.swift */; };
		6AADB1D22261624000290A83 /* LandingPageViewController.swift in Sources */ = {isa = PBXBuildFile; fileRef = 6AADB1D12261624000290A83 /* LandingPageViewController.swift */; };
		6AADB1D42261625100290A83 /* LoginViewController.swift in Sources */ = {isa = PBXBuildFile; fileRef = 6AADB1D32261625100290A83 /* LoginViewController.swift */; };
		6AADB1D62261625E00290A83 /* SignUpViewController.swift in Sources */ = {isa = PBXBuildFile; fileRef = 6AADB1D52261625E00290A83 /* SignUpViewController.swift */; };
		6ADD6EE5225E336000B63B3E /* HealthKit.framework in Frameworks */ = {isa = PBXBuildFile; fileRef = 6ADD6EE4225E336000B63B3E /* HealthKit.framework */; };
		90963D2075177A28F9D3D239 /* Pods_FitGram.framework in Frameworks */ = {isa = PBXBuildFile; fileRef = D72CD36E123B07FE86CA24A8 /* Pods_FitGram.framework */; };
		A939F42BF0B148FA08CA4485 /* Pods_FitGramTests.framework in Frameworks */ = {isa = PBXBuildFile; fileRef = C3D331D5ABE369A076D621F0 /* Pods_FitGramTests.framework */; };
/* End PBXBuildFile section */

/* Begin PBXContainerItemProxy section */
		6A94451F22480D3300980F88 /* PBXContainerItemProxy */ = {
			isa = PBXContainerItemProxy;
			containerPortal = 6A94450222480D3000980F88 /* Project object */;
			proxyType = 1;
			remoteGlobalIDString = 6A94450922480D3000980F88;
			remoteInfo = FitGram;
		};
		6A94452A22480D3300980F88 /* PBXContainerItemProxy */ = {
			isa = PBXContainerItemProxy;
			containerPortal = 6A94450222480D3000980F88 /* Project object */;
			proxyType = 1;
			remoteGlobalIDString = 6A94450922480D3000980F88;
			remoteInfo = FitGram;
		};
/* End PBXContainerItemProxy section */

/* Begin PBXFileReference section */
		08D493BD7918F5C714641236 /* Pods-FitGramTests.release.xcconfig */ = {isa = PBXFileReference; includeInIndex = 1; lastKnownFileType = text.xcconfig; name = "Pods-FitGramTests.release.xcconfig"; path = "Pods/Target Support Files/Pods-FitGramTests/Pods-FitGramTests.release.xcconfig"; sourceTree = "<group>"; };
		4026B0B4A0A30922BCDAAEB9 /* Pods-FitGramTests.debug.xcconfig */ = {isa = PBXFileReference; includeInIndex = 1; lastKnownFileType = text.xcconfig; name = "Pods-FitGramTests.debug.xcconfig"; path = "Pods/Target Support Files/Pods-FitGramTests/Pods-FitGramTests.debug.xcconfig"; sourceTree = "<group>"; };
		4D5C0C86127AECE77FBF174D /* Pods-FitGramUITests.debug.xcconfig */ = {isa = PBXFileReference; includeInIndex = 1; lastKnownFileType = text.xcconfig; name = "Pods-FitGramUITests.debug.xcconfig"; path = "Pods/Target Support Files/Pods-FitGramUITests/Pods-FitGramUITests.debug.xcconfig"; sourceTree = "<group>"; };
		6A75F168227F8BC3005CABED /* GoogleService-Info.plist */ = {isa = PBXFileReference; fileEncoding = 4; lastKnownFileType = text.plist.xml; name = "GoogleService-Info.plist"; path = "../../../../Downloads/GoogleService-Info.plist"; sourceTree = "<group>"; };
		6A861C672248425000D7B261 /* ProfileViewController.swift */ = {isa = PBXFileReference; lastKnownFileType = sourcecode.swift; name = ProfileViewController.swift; path = ../ProfileViewController.swift; sourceTree = "<group>"; };
		6A861C692248426100D7B261 /* ExerciseNewsFeedViewController.swift */ = {isa = PBXFileReference; lastKnownFileType = sourcecode.swift; name = ExerciseNewsFeedViewController.swift; path = ../ExerciseNewsFeedViewController.swift; sourceTree = "<group>"; };
		6A861C6B2248426B00D7B261 /* ChallengeViewController.swift */ = {isa = PBXFileReference; lastKnownFileType = sourcecode.swift; name = ChallengeViewController.swift; path = ../ChallengeViewController.swift; sourceTree = "<group>"; };
		6A94450A22480D3000980F88 /* FitGram.app */ = {isa = PBXFileReference; explicitFileType = wrapper.application; includeInIndex = 0; path = FitGram.app; sourceTree = BUILT_PRODUCTS_DIR; };
		6A94450D22480D3000980F88 /* AppDelegate.swift */ = {isa = PBXFileReference; lastKnownFileType = sourcecode.swift; path = AppDelegate.swift; sourceTree = "<group>"; };
		6A94450F22480D3000980F88 /* ViewController.swift */ = {isa = PBXFileReference; lastKnownFileType = sourcecode.swift; path = ViewController.swift; sourceTree = "<group>"; };
		6A94451422480D3300980F88 /* Assets.xcassets */ = {isa = PBXFileReference; lastKnownFileType = folder.assetcatalog; path = Assets.xcassets; sourceTree = "<group>"; };
		6A94451722480D3300980F88 /* Base */ = {isa = PBXFileReference; lastKnownFileType = file.storyboard; name = Base; path = Base.lproj/LaunchScreen.storyboard; sourceTree = "<group>"; };
		6A94451922480D3300980F88 /* Info.plist */ = {isa = PBXFileReference; lastKnownFileType = text.plist.xml; path = Info.plist; sourceTree = "<group>"; };
		6A94451E22480D3300980F88 /* FitGramTests.xctest */ = {isa = PBXFileReference; explicitFileType = wrapper.cfbundle; includeInIndex = 0; path = FitGramTests.xctest; sourceTree = BUILT_PRODUCTS_DIR; };
		6A94452222480D3300980F88 /* FitGramTests.swift */ = {isa = PBXFileReference; lastKnownFileType = sourcecode.swift; path = FitGramTests.swift; sourceTree = "<group>"; };
		6A94452422480D3300980F88 /* Info.plist */ = {isa = PBXFileReference; lastKnownFileType = text.plist.xml; path = Info.plist; sourceTree = "<group>"; };
		6A94452922480D3300980F88 /* FitGramUITests.xctest */ = {isa = PBXFileReference; explicitFileType = wrapper.cfbundle; includeInIndex = 0; path = FitGramUITests.xctest; sourceTree = BUILT_PRODUCTS_DIR; };
		6A94452D22480D3300980F88 /* FitGramUITests.swift */ = {isa = PBXFileReference; lastKnownFileType = sourcecode.swift; path = FitGramUITests.swift; sourceTree = "<group>"; };
		6A94452F22480D3300980F88 /* Info.plist */ = {isa = PBXFileReference; lastKnownFileType = text.plist.xml; path = Info.plist; sourceTree = "<group>"; };
		6AADB1D12261624000290A83 /* LandingPageViewController.swift */ = {isa = PBXFileReference; lastKnownFileType = sourcecode.swift; path = LandingPageViewController.swift; sourceTree = "<group>"; };
		6AADB1D32261625100290A83 /* LoginViewController.swift */ = {isa = PBXFileReference; lastKnownFileType = sourcecode.swift; path = LoginViewController.swift; sourceTree = "<group>"; };
		6AADB1D52261625E00290A83 /* SignUpViewController.swift */ = {isa = PBXFileReference; lastKnownFileType = sourcecode.swift; path = SignUpViewController.swift; sourceTree = "<group>"; };
		6ADD6EE3225E336000B63B3E /* FitGram.entitlements */ = {isa = PBXFileReference; lastKnownFileType = text.plist.entitlements; path = FitGram.entitlements; sourceTree = "<group>"; };
		6ADD6EE4225E336000B63B3E /* HealthKit.framework */ = {isa = PBXFileReference; lastKnownFileType = wrapper.framework; name = HealthKit.framework; path = System/Library/Frameworks/HealthKit.framework; sourceTree = SDKROOT; };
		74F0695CB68600898C31E363 /* Pods-FitGram.release.xcconfig */ = {isa = PBXFileReference; includeInIndex = 1; lastKnownFileType = text.xcconfig; name = "Pods-FitGram.release.xcconfig"; path = "Pods/Target Support Files/Pods-FitGram/Pods-FitGram.release.xcconfig"; sourceTree = "<group>"; };
		7AE142BEA2F1A685A2AE97C0 /* Pods-FitGramUITests.release.xcconfig */ = {isa = PBXFileReference; includeInIndex = 1; lastKnownFileType = text.xcconfig; name = "Pods-FitGramUITests.release.xcconfig"; path = "Pods/Target Support Files/Pods-FitGramUITests/Pods-FitGramUITests.release.xcconfig"; sourceTree = "<group>"; };
		940399A09079A09547646AE6 /* Pods_FitGramUITests.framework */ = {isa = PBXFileReference; explicitFileType = wrapper.framework; includeInIndex = 0; path = Pods_FitGramUITests.framework; sourceTree = BUILT_PRODUCTS_DIR; };
		C3D331D5ABE369A076D621F0 /* Pods_FitGramTests.framework */ = {isa = PBXFileReference; explicitFileType = wrapper.framework; includeInIndex = 0; path = Pods_FitGramTests.framework; sourceTree = BUILT_PRODUCTS_DIR; };
		D72CD36E123B07FE86CA24A8 /* Pods_FitGram.framework */ = {isa = PBXFileReference; explicitFileType = wrapper.framework; includeInIndex = 0; path = Pods_FitGram.framework; sourceTree = BUILT_PRODUCTS_DIR; };
		E2CEE7ED9E66D8DBEDDE4C26 /* Pods-FitGram.debug.xcconfig */ = {isa = PBXFileReference; includeInIndex = 1; lastKnownFileType = text.xcconfig; name = "Pods-FitGram.debug.xcconfig"; path = "Pods/Target Support Files/Pods-FitGram/Pods-FitGram.debug.xcconfig"; sourceTree = "<group>"; };
/* End PBXFileReference section */

/* Begin PBXFrameworksBuildPhase section */
		6A94450722480D3000980F88 /* Frameworks */ = {
			isa = PBXFrameworksBuildPhase;
			buildActionMask = 2147483647;
			files = (
				90963D2075177A28F9D3D239 /* Pods_FitGram.framework in Frameworks */,
				6ADD6EE5225E336000B63B3E /* HealthKit.framework in Frameworks */,
			);
			runOnlyForDeploymentPostprocessing = 0;
		};
		6A94451B22480D3300980F88 /* Frameworks */ = {
			isa = PBXFrameworksBuildPhase;
			buildActionMask = 2147483647;
			files = (
				A939F42BF0B148FA08CA4485 /* Pods_FitGramTests.framework in Frameworks */,
			);
			runOnlyForDeploymentPostprocessing = 0;
		};
		6A94452622480D3300980F88 /* Frameworks */ = {
			isa = PBXFrameworksBuildPhase;
			buildActionMask = 2147483647;
			files = (
				67421F5E8D7162D63B85AE62 /* Pods_FitGramUITests.framework in Frameworks */,
			);
			runOnlyForDeploymentPostprocessing = 0;
		};
/* End PBXFrameworksBuildPhase section */

/* Begin PBXGroup section */
		6A861C6622483EEF00D7B261 /* Controllers */ = {
			isa = PBXGroup;
			children = (
				6A94450D22480D3000980F88 /* AppDelegate.swift */,
				6ACF3609226677D80088EB0B /* Tabs */,
				6AADB1D12261624000290A83 /* LandingPageViewController.swift */,
				6AADB1D32261625100290A83 /* LoginViewController.swift */,
				6AADB1D52261625E00290A83 /* SignUpViewController.swift */,
				6A94450F22480D3000980F88 /* ViewController.swift */,
			);
			path = Controllers;
			sourceTree = "<group>";
		};
		6A94450122480D3000980F88 = {
			isa = PBXGroup;
			children = (
				6A94450C22480D3000980F88 /* FitGram */,
				6A94452122480D3300980F88 /* FitGramTests */,
				6A94452C22480D3300980F88 /* FitGramUITests */,
				6A94450B22480D3000980F88 /* Products */,
				B05B5E56AB002A5600C8AAEB /* Pods */,
				BBBC4A2CEBC10DE6A6C161C9 /* Frameworks */,
			);
			sourceTree = "<group>";
		};
		6A94450B22480D3000980F88 /* Products */ = {
			isa = PBXGroup;
			children = (
				6A94450A22480D3000980F88 /* FitGram.app */,
				6A94451E22480D3300980F88 /* FitGramTests.xctest */,
				6A94452922480D3300980F88 /* FitGramUITests.xctest */,
			);
			name = Products;
			sourceTree = "<group>";
		};
		6A94450C22480D3000980F88 /* FitGram */ = {
			isa = PBXGroup;
			children = (
				6ADD6EE3225E336000B63B3E /* FitGram.entitlements */,
				6A861C6622483EEF00D7B261 /* Controllers */,
				6A94451422480D3300980F88 /* Assets.xcassets */,
				6A94451622480D3300980F88 /* LaunchScreen.storyboard */,
				6A94451922480D3300980F88 /* Info.plist */,
				6A75F168227F8BC3005CABED /* GoogleService-Info.plist */,
			);
			path = FitGram;
			sourceTree = "<group>";
		};
		6A94452122480D3300980F88 /* FitGramTests */ = {
			isa = PBXGroup;
			children = (
				6A94452222480D3300980F88 /* FitGramTests.swift */,
				6A94452422480D3300980F88 /* Info.plist */,
			);
			path = FitGramTests;
			sourceTree = "<group>";
		};
		6A94452C22480D3300980F88 /* FitGramUITests */ = {
			isa = PBXGroup;
			children = (
				6A94452D22480D3300980F88 /* FitGramUITests.swift */,
				6A94452F22480D3300980F88 /* Info.plist */,
			);
			path = FitGramUITests;
			sourceTree = "<group>";
		};
		6ACF3609226677D80088EB0B /* Tabs */ = {
			isa = PBXGroup;
			children = (
				6A861C6B2248426B00D7B261 /* ChallengeViewController.swift */,
				6A861C692248426100D7B261 /* ExerciseNewsFeedViewController.swift */,
				6A861C672248425000D7B261 /* ProfileViewController.swift */,
			);
			path = Tabs;
			sourceTree = "<group>";
		};
		B05B5E56AB002A5600C8AAEB /* Pods */ = {
			isa = PBXGroup;
			children = (
				E2CEE7ED9E66D8DBEDDE4C26 /* Pods-FitGram.debug.xcconfig */,
				74F0695CB68600898C31E363 /* Pods-FitGram.release.xcconfig */,
				4026B0B4A0A30922BCDAAEB9 /* Pods-FitGramTests.debug.xcconfig */,
				08D493BD7918F5C714641236 /* Pods-FitGramTests.release.xcconfig */,
				4D5C0C86127AECE77FBF174D /* Pods-FitGramUITests.debug.xcconfig */,
				7AE142BEA2F1A685A2AE97C0 /* Pods-FitGramUITests.release.xcconfig */,
			);
			name = Pods;
			sourceTree = "<group>";
		};
		BBBC4A2CEBC10DE6A6C161C9 /* Frameworks */ = {
			isa = PBXGroup;
			children = (
				6ADD6EE4225E336000B63B3E /* HealthKit.framework */,
				D72CD36E123B07FE86CA24A8 /* Pods_FitGram.framework */,
				C3D331D5ABE369A076D621F0 /* Pods_FitGramTests.framework */,
				940399A09079A09547646AE6 /* Pods_FitGramUITests.framework */,
			);
			name = Frameworks;
			sourceTree = "<group>";
		};
/* End PBXGroup section */

/* Begin PBXNativeTarget section */
		6A94450922480D3000980F88 /* FitGram */ = {
			isa = PBXNativeTarget;
			buildConfigurationList = 6A94453222480D3300980F88 /* Build configuration list for PBXNativeTarget "FitGram" */;
			buildPhases = (
				76075D20572BF5D4846E6223 /* [CP] Check Pods Manifest.lock */,
				6A94450622480D3000980F88 /* Sources */,
				6A94450722480D3000980F88 /* Frameworks */,
				6A94450822480D3000980F88 /* Resources */,
				A7AEC4CE411A49D4832C31C5 /* [CP] Embed Pods Frameworks */,
			);
			buildRules = (
			);
			dependencies = (
			);
			name = FitGram;
			productName = FitGram;
			productReference = 6A94450A22480D3000980F88 /* FitGram.app */;
			productType = "com.apple.product-type.application";
		};
		6A94451D22480D3300980F88 /* FitGramTests */ = {
			isa = PBXNativeTarget;
			buildConfigurationList = 6A94453522480D3300980F88 /* Build configuration list for PBXNativeTarget "FitGramTests" */;
			buildPhases = (
				9F937440DC4C58A815E9B2B7 /* [CP] Check Pods Manifest.lock */,
				6A94451A22480D3300980F88 /* Sources */,
				6A94451B22480D3300980F88 /* Frameworks */,
				6A94451C22480D3300980F88 /* Resources */,
			);
			buildRules = (
			);
			dependencies = (
				6A94452022480D3300980F88 /* PBXTargetDependency */,
			);
			name = FitGramTests;
			productName = FitGramTests;
			productReference = 6A94451E22480D3300980F88 /* FitGramTests.xctest */;
			productType = "com.apple.product-type.bundle.unit-test";
		};
		6A94452822480D3300980F88 /* FitGramUITests */ = {
			isa = PBXNativeTarget;
			buildConfigurationList = 6A94453822480D3300980F88 /* Build configuration list for PBXNativeTarget "FitGramUITests" */;
			buildPhases = (
				5F9FBE0280701324ACAD4BD5 /* [CP] Check Pods Manifest.lock */,
				6A94452522480D3300980F88 /* Sources */,
				6A94452622480D3300980F88 /* Frameworks */,
				6A94452722480D3300980F88 /* Resources */,
			);
			buildRules = (
			);
			dependencies = (
				6A94452B22480D3300980F88 /* PBXTargetDependency */,
			);
			name = FitGramUITests;
			productName = FitGramUITests;
			productReference = 6A94452922480D3300980F88 /* FitGramUITests.xctest */;
			productType = "com.apple.product-type.bundle.ui-testing";
		};
/* End PBXNativeTarget section */

/* Begin PBXProject section */
		6A94450222480D3000980F88 /* Project object */ = {
			isa = PBXProject;
			attributes = {
				LastSwiftUpdateCheck = 1010;
				LastUpgradeCheck = 1010;
				ORGANIZATIONNAME = "Ayesha Khan";
				TargetAttributes = {
					6A94450922480D3000980F88 = {
						CreatedOnToolsVersion = 10.1;
						LastSwiftMigration = 1020;
						SystemCapabilities = {
							com.apple.HealthKit = {
								enabled = 1;
							};
						};
					};
					6A94451D22480D3300980F88 = {
						CreatedOnToolsVersion = 10.1;
						LastSwiftMigration = 1020;
						TestTargetID = 6A94450922480D3000980F88;
					};
					6A94452822480D3300980F88 = {
						CreatedOnToolsVersion = 10.1;
						LastSwiftMigration = 1020;
						TestTargetID = 6A94450922480D3000980F88;
					};
				};
			};
			buildConfigurationList = 6A94450522480D3000980F88 /* Build configuration list for PBXProject "FitGram" */;
			compatibilityVersion = "Xcode 9.3";
			developmentRegion = en;
			hasScannedForEncodings = 0;
			knownRegions = (
				en,
				Base,
			);
			mainGroup = 6A94450122480D3000980F88;
			productRefGroup = 6A94450B22480D3000980F88 /* Products */;
			projectDirPath = "";
			projectRoot = "";
			targets = (
				6A94450922480D3000980F88 /* FitGram */,
				6A94451D22480D3300980F88 /* FitGramTests */,
				6A94452822480D3300980F88 /* FitGramUITests */,
			);
		};
/* End PBXProject section */

/* Begin PBXResourcesBuildPhase section */
		6A94450822480D3000980F88 /* Resources */ = {
			isa = PBXResourcesBuildPhase;
			buildActionMask = 2147483647;
			files = (
				6A94451822480D3300980F88 /* LaunchScreen.storyboard in Resources */,
				6A94451522480D3300980F88 /* Assets.xcassets in Resources */,
				6A75F169227F8BC3005CABED /* GoogleService-Info.plist in Resources */,
			);
			runOnlyForDeploymentPostprocessing = 0;
		};
		6A94451C22480D3300980F88 /* Resources */ = {
			isa = PBXResourcesBuildPhase;
			buildActionMask = 2147483647;
			files = (
			);
			runOnlyForDeploymentPostprocessing = 0;
		};
		6A94452722480D3300980F88 /* Resources */ = {
			isa = PBXResourcesBuildPhase;
			buildActionMask = 2147483647;
			files = (
			);
			runOnlyForDeploymentPostprocessing = 0;
		};
/* End PBXResourcesBuildPhase section */

/* Begin PBXShellScriptBuildPhase section */
		5F9FBE0280701324ACAD4BD5 /* [CP] Check Pods Manifest.lock */ = {
			isa = PBXShellScriptBuildPhase;
			buildActionMask = 2147483647;
			files = (
			);
			inputPaths = (
				"${PODS_PODFILE_DIR_PATH}/Podfile.lock",
				"${PODS_ROOT}/Manifest.lock",
			);
			name = "[CP] Check Pods Manifest.lock";
			outputPaths = (
				"$(DERIVED_FILE_DIR)/Pods-FitGramUITests-checkManifestLockResult.txt",
			);
			runOnlyForDeploymentPostprocessing = 0;
			shellPath = /bin/sh;
			shellScript = "diff \"${PODS_PODFILE_DIR_PATH}/Podfile.lock\" \"${PODS_ROOT}/Manifest.lock\" > /dev/null\nif [ $? != 0 ] ; then\n    # print error to STDERR\n    echo \"error: The sandbox is not in sync with the Podfile.lock. Run 'pod install' or update your CocoaPods installation.\" >&2\n    exit 1\nfi\n# This output is used by Xcode 'outputs' to avoid re-running this script phase.\necho \"SUCCESS\" > \"${SCRIPT_OUTPUT_FILE_0}\"\n";
			showEnvVarsInLog = 0;
		};
		76075D20572BF5D4846E6223 /* [CP] Check Pods Manifest.lock */ = {
			isa = PBXShellScriptBuildPhase;
			buildActionMask = 2147483647;
			files = (
			);
			inputPaths = (
				"${PODS_PODFILE_DIR_PATH}/Podfile.lock",
				"${PODS_ROOT}/Manifest.lock",
			);
			name = "[CP] Check Pods Manifest.lock";
			outputPaths = (
				"$(DERIVED_FILE_DIR)/Pods-FitGram-checkManifestLockResult.txt",
			);
			runOnlyForDeploymentPostprocessing = 0;
			shellPath = /bin/sh;
			shellScript = "diff \"${PODS_PODFILE_DIR_PATH}/Podfile.lock\" \"${PODS_ROOT}/Manifest.lock\" > /dev/null\nif [ $? != 0 ] ; then\n    # print error to STDERR\n    echo \"error: The sandbox is not in sync with the Podfile.lock. Run 'pod install' or update your CocoaPods installation.\" >&2\n    exit 1\nfi\n# This output is used by Xcode 'outputs' to avoid re-running this script phase.\necho \"SUCCESS\" > \"${SCRIPT_OUTPUT_FILE_0}\"\n";
			showEnvVarsInLog = 0;
		};
		9F937440DC4C58A815E9B2B7 /* [CP] Check Pods Manifest.lock */ = {
			isa = PBXShellScriptBuildPhase;
			buildActionMask = 2147483647;
			files = (
			);
			inputPaths = (
				"${PODS_PODFILE_DIR_PATH}/Podfile.lock",
				"${PODS_ROOT}/Manifest.lock",
			);
			name = "[CP] Check Pods Manifest.lock";
			outputPaths = (
				"$(DERIVED_FILE_DIR)/Pods-FitGramTests-checkManifestLockResult.txt",
			);
			runOnlyForDeploymentPostprocessing = 0;
			shellPath = /bin/sh;
			shellScript = "diff \"${PODS_PODFILE_DIR_PATH}/Podfile.lock\" \"${PODS_ROOT}/Manifest.lock\" > /dev/null\nif [ $? != 0 ] ; then\n    # print error to STDERR\n    echo \"error: The sandbox is not in sync with the Podfile.lock. Run 'pod install' or update your CocoaPods installation.\" >&2\n    exit 1\nfi\n# This output is used by Xcode 'outputs' to avoid re-running this script phase.\necho \"SUCCESS\" > \"${SCRIPT_OUTPUT_FILE_0}\"\n";
			showEnvVarsInLog = 0;
		};
		A7AEC4CE411A49D4832C31C5 /* [CP] Embed Pods Frameworks */ = {
			isa = PBXShellScriptBuildPhase;
			buildActionMask = 2147483647;
			files = (
			);
			inputPaths = (
				"${SRCROOT}/Pods/Target Support Files/Pods-FitGram/Pods-FitGram-frameworks.sh",
				"${BUILT_PRODUCTS_DIR}/BoringSSL-GRPC/openssl_grpc.framework",
				"${BUILT_PRODUCTS_DIR}/CBFlashyTabBarController/CBFlashyTabBarController.framework",
				"${BUILT_PRODUCTS_DIR}/GTMSessionFetcher/GTMSessionFetcher.framework",
				"${BUILT_PRODUCTS_DIR}/GoogleUtilities/GoogleUtilities.framework",
				"${BUILT_PRODUCTS_DIR}/PMSuperButton/PMSuperButton.framework",
				"${BUILT_PRODUCTS_DIR}/Protobuf/Protobuf.framework",
				"${BUILT_PRODUCTS_DIR}/SnapKit/SnapKit.framework",
				"${BUILT_PRODUCTS_DIR}/gRPC-C++/grpcpp.framework",
				"${BUILT_PRODUCTS_DIR}/gRPC-Core/grpc.framework",
				"${BUILT_PRODUCTS_DIR}/leveldb-library/leveldb.framework",
				"${BUILT_PRODUCTS_DIR}/nanopb/nanopb.framework",
			);
			name = "[CP] Embed Pods Frameworks";
			outputPaths = (
				"${TARGET_BUILD_DIR}/${FRAMEWORKS_FOLDER_PATH}/openssl_grpc.framework",
				"${TARGET_BUILD_DIR}/${FRAMEWORKS_FOLDER_PATH}/CBFlashyTabBarController.framework",
				"${TARGET_BUILD_DIR}/${FRAMEWORKS_FOLDER_PATH}/GTMSessionFetcher.framework",
				"${TARGET_BUILD_DIR}/${FRAMEWORKS_FOLDER_PATH}/GoogleUtilities.framework",
				"${TARGET_BUILD_DIR}/${FRAMEWORKS_FOLDER_PATH}/PMSuperButton.framework",
				"${TARGET_BUILD_DIR}/${FRAMEWORKS_FOLDER_PATH}/Protobuf.framework",
				"${TARGET_BUILD_DIR}/${FRAMEWORKS_FOLDER_PATH}/SnapKit.framework",
				"${TARGET_BUILD_DIR}/${FRAMEWORKS_FOLDER_PATH}/grpcpp.framework",
				"${TARGET_BUILD_DIR}/${FRAMEWORKS_FOLDER_PATH}/grpc.framework",
				"${TARGET_BUILD_DIR}/${FRAMEWORKS_FOLDER_PATH}/leveldb.framework",
				"${TARGET_BUILD_DIR}/${FRAMEWORKS_FOLDER_PATH}/nanopb.framework",
			);
			runOnlyForDeploymentPostprocessing = 0;
			shellPath = /bin/sh;
			shellScript = "\"${SRCROOT}/Pods/Target Support Files/Pods-FitGram/Pods-FitGram-frameworks.sh\"\n";
			showEnvVarsInLog = 0;
		};
/* End PBXShellScriptBuildPhase section */

/* Begin PBXSourcesBuildPhase section */
		6A94450622480D3000980F88 /* Sources */ = {
			isa = PBXSourcesBuildPhase;
			buildActionMask = 2147483647;
			files = (
				6AADB1D42261625100290A83 /* LoginViewController.swift in Sources */,
				6A861C682248425000D7B261 /* ProfileViewController.swift in Sources */,
				6AADB1D62261625E00290A83 /* SignUpViewController.swift in Sources */,
				6AADB1D22261624000290A83 /* LandingPageViewController.swift in Sources */,
				6A861C6C2248426B00D7B261 /* ChallengeViewController.swift in Sources */,
				6A94451022480D3000980F88 /* ViewController.swift in Sources */,
				6A94450E22480D3000980F88 /* AppDelegate.swift in Sources */,
				6A861C6A2248426100D7B261 /* ExerciseNewsFeedViewController.swift in Sources */,
			);
			runOnlyForDeploymentPostprocessing = 0;
		};
		6A94451A22480D3300980F88 /* Sources */ = {
			isa = PBXSourcesBuildPhase;
			buildActionMask = 2147483647;
			files = (
				6A94452322480D3300980F88 /* FitGramTests.swift in Sources */,
			);
			runOnlyForDeploymentPostprocessing = 0;
		};
		6A94452522480D3300980F88 /* Sources */ = {
			isa = PBXSourcesBuildPhase;
			buildActionMask = 2147483647;
			files = (
				6A94452E22480D3300980F88 /* FitGramUITests.swift in Sources */,
			);
			runOnlyForDeploymentPostprocessing = 0;
		};
/* End PBXSourcesBuildPhase section */

/* Begin PBXTargetDependency section */
		6A94452022480D3300980F88 /* PBXTargetDependency */ = {
			isa = PBXTargetDependency;
			target = 6A94450922480D3000980F88 /* FitGram */;
			targetProxy = 6A94451F22480D3300980F88 /* PBXContainerItemProxy */;
		};
		6A94452B22480D3300980F88 /* PBXTargetDependency */ = {
			isa = PBXTargetDependency;
			target = 6A94450922480D3000980F88 /* FitGram */;
			targetProxy = 6A94452A22480D3300980F88 /* PBXContainerItemProxy */;
		};
/* End PBXTargetDependency section */

/* Begin PBXVariantGroup section */
		6A94451622480D3300980F88 /* LaunchScreen.storyboard */ = {
			isa = PBXVariantGroup;
			children = (
				6A94451722480D3300980F88 /* Base */,
			);
			name = LaunchScreen.storyboard;
			sourceTree = "<group>";
		};
/* End PBXVariantGroup section */

/* Begin XCBuildConfiguration section */
		6A94453022480D3300980F88 /* Debug */ = {
			isa = XCBuildConfiguration;
			buildSettings = {
				ALWAYS_SEARCH_USER_PATHS = NO;
				CLANG_ANALYZER_NONNULL = YES;
				CLANG_ANALYZER_NUMBER_OBJECT_CONVERSION = YES_AGGRESSIVE;
				CLANG_CXX_LANGUAGE_STANDARD = "gnu++14";
				CLANG_CXX_LIBRARY = "libc++";
				CLANG_ENABLE_MODULES = YES;
				CLANG_ENABLE_OBJC_ARC = YES;
				CLANG_ENABLE_OBJC_WEAK = YES;
				CLANG_WARN_BLOCK_CAPTURE_AUTORELEASING = YES;
				CLANG_WARN_BOOL_CONVERSION = YES;
				CLANG_WARN_COMMA = YES;
				CLANG_WARN_CONSTANT_CONVERSION = YES;
				CLANG_WARN_DEPRECATED_OBJC_IMPLEMENTATIONS = YES;
				CLANG_WARN_DIRECT_OBJC_ISA_USAGE = YES_ERROR;
				CLANG_WARN_DOCUMENTATION_COMMENTS = YES;
				CLANG_WARN_EMPTY_BODY = YES;
				CLANG_WARN_ENUM_CONVERSION = YES;
				CLANG_WARN_INFINITE_RECURSION = YES;
				CLANG_WARN_INT_CONVERSION = YES;
				CLANG_WARN_NON_LITERAL_NULL_CONVERSION = YES;
				CLANG_WARN_OBJC_IMPLICIT_RETAIN_SELF = YES;
				CLANG_WARN_OBJC_LITERAL_CONVERSION = YES;
				CLANG_WARN_OBJC_ROOT_CLASS = YES_ERROR;
				CLANG_WARN_RANGE_LOOP_ANALYSIS = YES;
				CLANG_WARN_STRICT_PROTOTYPES = YES;
				CLANG_WARN_SUSPICIOUS_MOVE = YES;
				CLANG_WARN_UNGUARDED_AVAILABILITY = YES_AGGRESSIVE;
				CLANG_WARN_UNREACHABLE_CODE = YES;
				CLANG_WARN__DUPLICATE_METHOD_MATCH = YES;
				CODE_SIGN_IDENTITY = "iPhone Developer";
				COPY_PHASE_STRIP = NO;
				DEBUG_INFORMATION_FORMAT = dwarf;
				ENABLE_STRICT_OBJC_MSGSEND = YES;
				ENABLE_TESTABILITY = YES;
				GCC_C_LANGUAGE_STANDARD = gnu11;
				GCC_DYNAMIC_NO_PIC = NO;
				GCC_NO_COMMON_BLOCKS = YES;
				GCC_OPTIMIZATION_LEVEL = 0;
				GCC_PREPROCESSOR_DEFINITIONS = (
					"DEBUG=1",
					"$(inherited)",
				);
				GCC_WARN_64_TO_32_BIT_CONVERSION = YES;
				GCC_WARN_ABOUT_RETURN_TYPE = YES_ERROR;
				GCC_WARN_UNDECLARED_SELECTOR = YES;
				GCC_WARN_UNINITIALIZED_AUTOS = YES_AGGRESSIVE;
				GCC_WARN_UNUSED_FUNCTION = YES;
				GCC_WARN_UNUSED_VARIABLE = YES;
				IPHONEOS_DEPLOYMENT_TARGET = 12.1;
				MTL_ENABLE_DEBUG_INFO = INCLUDE_SOURCE;
				MTL_FAST_MATH = YES;
				ONLY_ACTIVE_ARCH = YES;
				SDKROOT = iphoneos;
				SWIFT_ACTIVE_COMPILATION_CONDITIONS = DEBUG;
				SWIFT_OPTIMIZATION_LEVEL = "-Onone";
			};
			name = Debug;
		};
		6A94453122480D3300980F88 /* Release */ = {
			isa = XCBuildConfiguration;
			buildSettings = {
				ALWAYS_SEARCH_USER_PATHS = NO;
				CLANG_ANALYZER_NONNULL = YES;
				CLANG_ANALYZER_NUMBER_OBJECT_CONVERSION = YES_AGGRESSIVE;
				CLANG_CXX_LANGUAGE_STANDARD = "gnu++14";
				CLANG_CXX_LIBRARY = "libc++";
				CLANG_ENABLE_MODULES = YES;
				CLANG_ENABLE_OBJC_ARC = YES;
				CLANG_ENABLE_OBJC_WEAK = YES;
				CLANG_WARN_BLOCK_CAPTURE_AUTORELEASING = YES;
				CLANG_WARN_BOOL_CONVERSION = YES;
				CLANG_WARN_COMMA = YES;
				CLANG_WARN_CONSTANT_CONVERSION = YES;
				CLANG_WARN_DEPRECATED_OBJC_IMPLEMENTATIONS = YES;
				CLANG_WARN_DIRECT_OBJC_ISA_USAGE = YES_ERROR;
				CLANG_WARN_DOCUMENTATION_COMMENTS = YES;
				CLANG_WARN_EMPTY_BODY = YES;
				CLANG_WARN_ENUM_CONVERSION = YES;
				CLANG_WARN_INFINITE_RECURSION = YES;
				CLANG_WARN_INT_CONVERSION = YES;
				CLANG_WARN_NON_LITERAL_NULL_CONVERSION = YES;
				CLANG_WARN_OBJC_IMPLICIT_RETAIN_SELF = YES;
				CLANG_WARN_OBJC_LITERAL_CONVERSION = YES;
				CLANG_WARN_OBJC_ROOT_CLASS = YES_ERROR;
				CLANG_WARN_RANGE_LOOP_ANALYSIS = YES;
				CLANG_WARN_STRICT_PROTOTYPES = YES;
				CLANG_WARN_SUSPICIOUS_MOVE = YES;
				CLANG_WARN_UNGUARDED_AVAILABILITY = YES_AGGRESSIVE;
				CLANG_WARN_UNREACHABLE_CODE = YES;
				CLANG_WARN__DUPLICATE_METHOD_MATCH = YES;
				CODE_SIGN_IDENTITY = "iPhone Developer";
				COPY_PHASE_STRIP = NO;
				DEBUG_INFORMATION_FORMAT = "dwarf-with-dsym";
				ENABLE_NS_ASSERTIONS = NO;
				ENABLE_STRICT_OBJC_MSGSEND = YES;
				GCC_C_LANGUAGE_STANDARD = gnu11;
				GCC_NO_COMMON_BLOCKS = YES;
				GCC_WARN_64_TO_32_BIT_CONVERSION = YES;
				GCC_WARN_ABOUT_RETURN_TYPE = YES_ERROR;
				GCC_WARN_UNDECLARED_SELECTOR = YES;
				GCC_WARN_UNINITIALIZED_AUTOS = YES_AGGRESSIVE;
				GCC_WARN_UNUSED_FUNCTION = YES;
				GCC_WARN_UNUSED_VARIABLE = YES;
				IPHONEOS_DEPLOYMENT_TARGET = 12.1;
				MTL_ENABLE_DEBUG_INFO = NO;
				MTL_FAST_MATH = YES;
				SDKROOT = iphoneos;
				SWIFT_COMPILATION_MODE = wholemodule;
				SWIFT_OPTIMIZATION_LEVEL = "-O";
				VALIDATE_PRODUCT = YES;
			};
			name = Release;
		};
		6A94453322480D3300980F88 /* Debug */ = {
			isa = XCBuildConfiguration;
			baseConfigurationReference = E2CEE7ED9E66D8DBEDDE4C26 /* Pods-FitGram.debug.xcconfig */;
			buildSettings = {
				ASSETCATALOG_COMPILER_APPICON_NAME = AppIcon;
				CODE_SIGN_ENTITLEMENTS = FitGram/FitGram.entitlements;
				CODE_SIGN_STYLE = Automatic;
				DEVELOPMENT_TEAM = 65QL794L6H;
				INFOPLIST_FILE = FitGram/Info.plist;
				LD_RUNPATH_SEARCH_PATHS = (
					"$(inherited)",
					"@executable_path/Frameworks",
				);
				PRODUCT_BUNDLE_IDENTIFIER = com.ayeshakhan.FitGram;
				PRODUCT_NAME = "$(TARGET_NAME)";
				SWIFT_VERSION = 5.0;
				TARGETED_DEVICE_FAMILY = "1,2";
			};
			name = Debug;
		};
		6A94453422480D3300980F88 /* Release */ = {
			isa = XCBuildConfiguration;
			baseConfigurationReference = 74F0695CB68600898C31E363 /* Pods-FitGram.release.xcconfig */;
			buildSettings = {
				ASSETCATALOG_COMPILER_APPICON_NAME = AppIcon;
				CODE_SIGN_ENTITLEMENTS = FitGram/FitGram.entitlements;
				CODE_SIGN_STYLE = Automatic;
				DEVELOPMENT_TEAM = 65QL794L6H;
				INFOPLIST_FILE = FitGram/Info.plist;
				LD_RUNPATH_SEARCH_PATHS = (
					"$(inherited)",
					"@executable_path/Frameworks",
				);
				PRODUCT_BUNDLE_IDENTIFIER = com.ayeshakhan.FitGram;
				PRODUCT_NAME = "$(TARGET_NAME)";
				SWIFT_VERSION = 5.0;
				TARGETED_DEVICE_FAMILY = "1,2";
			};
			name = Release;
		};
		6A94453622480D3300980F88 /* Debug */ = {
			isa = XCBuildConfiguration;
			baseConfigurationReference = 4026B0B4A0A30922BCDAAEB9 /* Pods-FitGramTests.debug.xcconfig */;
			buildSettings = {
				ALWAYS_EMBED_SWIFT_STANDARD_LIBRARIES = YES;
				BUNDLE_LOADER = "$(TEST_HOST)";
				CODE_SIGN_STYLE = Automatic;
				DEVELOPMENT_TEAM = 65QL794L6H;
				INFOPLIST_FILE = FitGramTests/Info.plist;
				LD_RUNPATH_SEARCH_PATHS = (
					"$(inherited)",
					"@executable_path/Frameworks",
					"@loader_path/Frameworks",
				);
				PRODUCT_BUNDLE_IDENTIFIER = com.ayeshakhan.FitGramTests;
				PRODUCT_NAME = "$(TARGET_NAME)";
				SWIFT_VERSION = 5.0;
				TARGETED_DEVICE_FAMILY = "1,2";
				TEST_HOST = "$(BUILT_PRODUCTS_DIR)/FitGram.app/FitGram";
			};
			name = Debug;
		};
		6A94453722480D3300980F88 /* Release */ = {
			isa = XCBuildConfiguration;
			baseConfigurationReference = 08D493BD7918F5C714641236 /* Pods-FitGramTests.release.xcconfig */;
			buildSettings = {
				ALWAYS_EMBED_SWIFT_STANDARD_LIBRARIES = YES;
				BUNDLE_LOADER = "$(TEST_HOST)";
				CODE_SIGN_STYLE = Automatic;
				DEVELOPMENT_TEAM = 65QL794L6H;
				INFOPLIST_FILE = FitGramTests/Info.plist;
				LD_RUNPATH_SEARCH_PATHS = (
					"$(inherited)",
					"@executable_path/Frameworks",
					"@loader_path/Frameworks",
				);
				PRODUCT_BUNDLE_IDENTIFIER = com.ayeshakhan.FitGramTests;
				PRODUCT_NAME = "$(TARGET_NAME)";
				SWIFT_VERSION = 5.0;
				TARGETED_DEVICE_FAMILY = "1,2";
				TEST_HOST = "$(BUILT_PRODUCTS_DIR)/FitGram.app/FitGram";
			};
			name = Release;
		};
		6A94453922480D3300980F88 /* Debug */ = {
			isa = XCBuildConfiguration;
			baseConfigurationReference = 4D5C0C86127AECE77FBF174D /* Pods-FitGramUITests.debug.xcconfig */;
			buildSettings = {
				ALWAYS_EMBED_SWIFT_STANDARD_LIBRARIES = YES;
				CODE_SIGN_STYLE = Automatic;
				DEVELOPMENT_TEAM = 65QL794L6H;
				INFOPLIST_FILE = FitGramUITests/Info.plist;
				LD_RUNPATH_SEARCH_PATHS = (
					"$(inherited)",
					"@executable_path/Frameworks",
					"@loader_path/Frameworks",
				);
				PRODUCT_BUNDLE_IDENTIFIER = com.ayeshakhan.FitGramUITests;
				PRODUCT_NAME = "$(TARGET_NAME)";
				SWIFT_VERSION = 5.0;
				TARGETED_DEVICE_FAMILY = "1,2";
				TEST_TARGET_NAME = FitGram;
			};
			name = Debug;
		};
		6A94453A22480D3300980F88 /* Release */ = {
			isa = XCBuildConfiguration;
			baseConfigurationReference = 7AE142BEA2F1A685A2AE97C0 /* Pods-FitGramUITests.release.xcconfig */;
			buildSettings = {
				ALWAYS_EMBED_SWIFT_STANDARD_LIBRARIES = YES;
				CODE_SIGN_STYLE = Automatic;
				DEVELOPMENT_TEAM = 65QL794L6H;
				INFOPLIST_FILE = FitGramUITests/Info.plist;
				LD_RUNPATH_SEARCH_PATHS = (
					"$(inherited)",
					"@executable_path/Frameworks",
					"@loader_path/Frameworks",
				);
				PRODUCT_BUNDLE_IDENTIFIER = com.ayeshakhan.FitGramUITests;
				PRODUCT_NAME = "$(TARGET_NAME)";
				SWIFT_VERSION = 5.0;
				TARGETED_DEVICE_FAMILY = "1,2";
				TEST_TARGET_NAME = FitGram;
			};
			name = Release;
		};
/* End XCBuildConfiguration section */

/* Begin XCConfigurationList section */
		6A94450522480D3000980F88 /* Build configuration list for PBXProject "FitGram" */ = {
			isa = XCConfigurationList;
			buildConfigurations = (
				6A94453022480D3300980F88 /* Debug */,
				6A94453122480D3300980F88 /* Release */,
			);
			defaultConfigurationIsVisible = 0;
			defaultConfigurationName = Release;
		};
		6A94453222480D3300980F88 /* Build configuration list for PBXNativeTarget "FitGram" */ = {
			isa = XCConfigurationList;
			buildConfigurations = (
				6A94453322480D3300980F88 /* Debug */,
				6A94453422480D3300980F88 /* Release */,
			);
			defaultConfigurationIsVisible = 0;
			defaultConfigurationName = Release;
		};
		6A94453522480D3300980F88 /* Build configuration list for PBXNativeTarget "FitGramTests" */ = {
			isa = XCConfigurationList;
			buildConfigurations = (
				6A94453622480D3300980F88 /* Debug */,
				6A94453722480D3300980F88 /* Release */,
			);
			defaultConfigurationIsVisible = 0;
			defaultConfigurationName = Release;
		};
		6A94453822480D3300980F88 /* Build configuration list for PBXNativeTarget "FitGramUITests" */ = {
			isa = XCConfigurationList;
			buildConfigurations = (
				6A94453922480D3300980F88 /* Debug */,
				6A94453A22480D3300980F88 /* Release */,
			);
			defaultConfigurationIsVisible = 0;
			defaultConfigurationName = Release;
		};
/* End XCConfigurationList section */
	};
	rootObject = 6A94450222480D3000980F88 /* Project object */;
}
